github.com/balhaevhk/photos v0.0.0-20250511183105-4321c4ea4441 h1:f3wtTxOX74bywRhORjCV8xHg3wppHiK9HJG9PVH+Xzc=
github.com/balhaevhk/photos v0.0.0-20250511183105-4321c4ea4441/go.mod h1:eIAgIi4YhO2iKvitJYEdXIun1wIG9xHNKKKk3U3TrkA=
github.com/balhaevhk/photos v0.0.1 h1:R5VYJaH/m6DFWU9IGeV/4QhNIIrQmZ/XteEu+wKC3G8=
github.com/balhaevhk/photos v0.0.1/go.mod h1:eIAgIi4YhO2iKvitJYEdXIun1wIG9xHNKKKk3U3TrkA=
github.com/balhaevhk/protos v0.0.1 h1:W8EofTTfjF6zzDJwRziZFKTKnFFSXlBl79LFWsd2jew=
github.com/balhaevhk/protos v0.0.1/go.mod h1:9/3XAjnGj4aHHlmL2xBJzB060ASlQfM8Gf5+sNQuXm0=
